
Microsoft Visual Studio Solution File, Format Version 12.00
# Visual Studio Version 17
VisualStudioVersion = 17.7.34024.191
MinimumVisualStudioVersion = 10.0.40219.1
Project("{FAE04EC0-301F-11D3-BF4B-00C04F79EFBC}") = "NoteLock", "NoteLock\NoteLock.csproj", "{1FB9DDD7-D730-49D4-A209-BD28C29C167F}"
EndProject
Global
	GlobalSection(SolutionConfigurationPlatforms) = preSolution
		Debug|Any CPU = Debug|Any CPU
		Release|Any CPU = Release|Any CPU
	EndGlobalSection
	GlobalSection(ProjectConfigurationPlatforms) = postSolution
		{1FB9DDD7-D730-49D4-A209-BD28C29C167F}.Debug|Any CPU.ActiveCfg = Debug|Any CPU
		{1FB9DDD7-D730-49D4-A209-BD28C29C167F}.Debug|Any CPU.Build.0 = Debug|Any CPU
		{1FB9DDD7-D730-49D4-A209-BD28C29C167F}.Release|Any CPU.ActiveCfg = Release|Any CPU
		{1FB9DDD7-D730-49D4-A209-BD28C29C167F}.Release|Any CPU.Build.0 = Release|Any CPU
	EndGlobalSection
	GlobalSection(SolutionProperties) = preSolution
		HideSolutionNode = FALSE
	EndGlobalSection
	GlobalSection(ExtensibilityGlobals) = postSolution
		SolutionGuid = {0D0DA0A1-64C8-41DC-82B6-1C1E2CB7ADBD}
	EndGlobalSection
EndGlobal
